
Microsoft Visual Studio Solution File, Format Version 12.00
# Visual Studio 2013
VisualStudioVersion = 12.0.30723.0
MinimumVisualStudioVersion = 10.0.40219.1
Project("{FAE04EC0-301F-11D3-BF4B-00C04F79EFBC}") = "WinJSContentDialogTwoWays", "WinJSContentDialogTwoWays\WinJSContentDialogTwoWays.csproj", "{370C152D-8A0B-4B76-8361-97F482B670E7}"
EndProject
Project("{2150E333-8FDC-42A3-9474-1A3956D46DE8}") = ".nuget", ".nuget", "{4145C654-91DB-4464-BF84-E1F6E20A13F6}"
	ProjectSection(SolutionItems) = preProject
		.nuget\packages.config = .nuget\packages.config
	EndProjectSection
EndProject
Global
	GlobalSection(SolutionConfigurationPlatforms) = preSolution
		Debug|Any CPU = Debug|Any CPU
		Release|Any CPU = Release|Any CPU
	EndGlobalSection
	GlobalSection(ProjectConfigurationPlatforms) = postSolution
		{370C152D-8A0B-4B76-8361-97F482B670E7}.Debug|Any CPU.ActiveCfg = Debug|Any CPU
		{370C152D-8A0B-4B76-8361-97F482B670E7}.Debug|Any CPU.Build.0 = Debug|Any CPU
		{370C152D-8A0B-4B76-8361-97F482B670E7}.Release|Any CPU.ActiveCfg = Release|Any CPU
		{370C152D-8A0B-4B76-8361-97F482B670E7}.Release|Any CPU.Build.0 = Release|Any CPU
	EndGlobalSection
	GlobalSection(SolutionProperties) = preSolution
		HideSolutionNode = FALSE
	EndGlobalSection
EndGlobal
